
Microsoft Visual Studio Solution File, Format Version 12.00
# Visual Studio Version 16
VisualStudioVersion = 16.0.30225.117
MinimumVisualStudioVersion = 10.0.40219.1
Project("{FAE04EC0-301F-11D3-BF4B-00C04F79EFBC}") = "wpf_calculator", "wpf_calculator\wpf_calculator.csproj", "{3A2AB41F-3262-4B70-9A96-DF467DBF43D0}"
EndProject
Global
	GlobalSection(SolutionConfigurationPlatforms) = preSolution
		Debug|Any CPU = Debug|Any CPU
		Release|Any CPU = Release|Any CPU
	EndGlobalSection
	GlobalSection(ProjectConfigurationPlatforms) = postSolution
		{3A2AB41F-3262-4B70-9A96-DF467DBF43D0}.Debug|Any CPU.ActiveCfg = Debug|Any CPU
		{3A2AB41F-3262-4B70-9A96-DF467DBF43D0}.Debug|Any CPU.Build.0 = Debug|Any CPU
		{3A2AB41F-3262-4B70-9A96-DF467DBF43D0}.Release|Any CPU.ActiveCfg = Release|Any CPU
		{3A2AB41F-3262-4B70-9A96-DF467DBF43D0}.Release|Any CPU.Build.0 = Release|Any CPU
	EndGlobalSection
	GlobalSection(SolutionProperties) = preSolution
		HideSolutionNode = FALSE
	EndGlobalSection
	GlobalSection(ExtensibilityGlobals) = postSolution
		SolutionGuid = {120B75BE-AC08-4578-8E19-9CD95B65F100}
	EndGlobalSection
EndGlobal
