
Microsoft Visual Studio Solution File, Format Version 12.00
# Visual Studio Version 16
VisualStudioVersion = 16.0.30204.135
MinimumVisualStudioVersion = 10.0.40219.1
Project("{FAE04EC0-301F-11D3-BF4B-00C04F79EFBC}") = "lab_08_debugging", "lab_08_debugging\lab_08_debugging.csproj", "{0C5931E5-229B-4A74-B8E1-54573B1C5283}"
EndProject
Global
	GlobalSection(SolutionConfigurationPlatforms) = preSolution
		Debug|Any CPU = Debug|Any CPU
		Release|Any CPU = Release|Any CPU
	EndGlobalSection
	GlobalSection(ProjectConfigurationPlatforms) = postSolution
		{0C5931E5-229B-4A74-B8E1-54573B1C5283}.Debug|Any CPU.ActiveCfg = Debug|Any CPU
		{0C5931E5-229B-4A74-B8E1-54573B1C5283}.Debug|Any CPU.Build.0 = Debug|Any CPU
		{0C5931E5-229B-4A74-B8E1-54573B1C5283}.Release|Any CPU.ActiveCfg = Release|Any CPU
		{0C5931E5-229B-4A74-B8E1-54573B1C5283}.Release|Any CPU.Build.0 = Release|Any CPU
	EndGlobalSection
	GlobalSection(SolutionProperties) = preSolution
		HideSolutionNode = FALSE
	EndGlobalSection
	GlobalSection(ExtensibilityGlobals) = postSolution
		SolutionGuid = {2B8784D6-0A8E-43E1-B4B8-8462A45E4E3E}
	EndGlobalSection
EndGlobal
